
Microsoft Visual Studio Solution File, Format Version 12.00
# Visual Studio 15
VisualStudioVersion = 15.0.27428.2037
MinimumVisualStudioVersion = 10.0.40219.1
Project("{FAE04EC0-301F-11D3-BF4B-00C04F79EFBC}") = "SongRequestManager", "EnhancedTwitchIntegration\SongRequestManager.csproj", "{CDBD5008-0F51-408E-B89C-6142CB5C70E5}"
EndProject
Global
	GlobalSection(SolutionConfigurationPlatforms) = preSolution
		Debug|Any CPU = Debug|Any CPU
		Debug|x64 = Debug|x64
		Release|Any CPU = Release|Any CPU
		Release|x64 = Release|x64
	EndGlobalSection
	GlobalSection(ProjectConfigurationPlatforms) = postSolution
		{CDBD5008-0F51-408E-B89C-6142CB5C70E5}.Debug|Any CPU.ActiveCfg = Debug|Any CPU
		{CDBD5008-0F51-408E-B89C-6142CB5C70E5}.Debug|Any CPU.Build.0 = Debug|Any CPU
		{CDBD5008-0F51-408E-B89C-6142CB5C70E5}.Debug|x64.ActiveCfg = Debug|Any CPU
		{CDBD5008-0F51-408E-B89C-6142CB5C70E5}.Debug|x64.Build.0 = Debug|Any CPU
		{CDBD5008-0F51-408E-B89C-6142CB5C70E5}.Release|Any CPU.ActiveCfg = Release|Any CPU
		{CDBD5008-0F51-408E-B89C-6142CB5C70E5}.Release|Any CPU.Build.0 = Release|Any CPU
		{CDBD5008-0F51-408E-B89C-6142CB5C70E5}.Release|x64.ActiveCfg = Release|Any CPU
		{CDBD5008-0F51-408E-B89C-6142CB5C70E5}.Release|x64.Build.0 = Release|Any CPU
	EndGlobalSection
	GlobalSection(SolutionProperties) = preSolution
		HideSolutionNode = FALSE
	EndGlobalSection
	GlobalSection(ExtensibilityGlobals) = postSolution
		SolutionGuid = {CE491DE5-B017-462A-9B5C-7AC6D075B1B8}
	EndGlobalSection
EndGlobal
